
Microsoft Visual Studio Solution File, Format Version 12.00
# Visual Studio Version 17
VisualStudioVersion = 17.4.33205.214
MinimumVisualStudioVersion = 10.0.40219.1
Project("{FAE04EC0-301F-11D3-BF4B-00C04F79EFBC}") = "Начало", "Начало\Начало.csproj", "{862FE832-8B97-4A6A-ACB6-3F2630427670}"
EndProject
Project("{FAE04EC0-301F-11D3-BF4B-00C04F79EFBC}") = "Перегрузка операторов", "Перегрузка операторов\Перегрузка операторов.csproj", "{F51EA2A9-01A6-4111-BB16-A18CA7E286A7}"
EndProject
Global
	GlobalSection(SolutionConfigurationPlatforms) = preSolution
		Debug|Any CPU = Debug|Any CPU
		Release|Any CPU = Release|Any CPU
	EndGlobalSection
	GlobalSection(ProjectConfigurationPlatforms) = postSolution
		{862FE832-8B97-4A6A-ACB6-3F2630427670}.Debug|Any CPU.ActiveCfg = Debug|Any CPU
		{862FE832-8B97-4A6A-ACB6-3F2630427670}.Debug|Any CPU.Build.0 = Debug|Any CPU
		{862FE832-8B97-4A6A-ACB6-3F2630427670}.Release|Any CPU.ActiveCfg = Release|Any CPU
		{862FE832-8B97-4A6A-ACB6-3F2630427670}.Release|Any CPU.Build.0 = Release|Any CPU
		{F51EA2A9-01A6-4111-BB16-A18CA7E286A7}.Debug|Any CPU.ActiveCfg = Debug|Any CPU
		{F51EA2A9-01A6-4111-BB16-A18CA7E286A7}.Debug|Any CPU.Build.0 = Debug|Any CPU
		{F51EA2A9-01A6-4111-BB16-A18CA7E286A7}.Release|Any CPU.ActiveCfg = Release|Any CPU
		{F51EA2A9-01A6-4111-BB16-A18CA7E286A7}.Release|Any CPU.Build.0 = Release|Any CPU
	EndGlobalSection
	GlobalSection(SolutionProperties) = preSolution
		HideSolutionNode = FALSE
	EndGlobalSection
	GlobalSection(ExtensibilityGlobals) = postSolution
		SolutionGuid = {32834C93-E747-4266-B1A9-C7699729D3FC}
	EndGlobalSection
EndGlobal
